Microsoft Visual Studio Solution File, Format Version 12.00
# Visual Studio Version 17
VisualStudioVersion = 17.5.2.0
MinimumVisualStudioVersion = 10.0.40219.1
Project("{FAE04EC0-301F-11D3-BF4B-00C04F79EFBC}") = "dev03", "dev03.csproj", "{6C5BD1A2-DA21-FD00-8F7D-1E25882682AD}"
EndProject
Global
	GlobalSection(SolutionConfigurationPlatforms) = preSolution
		Debug|Any CPU = Debug|Any CPU
		Release|Any CPU = Release|Any CPU
	EndGlobalSection
	GlobalSection(ProjectConfigurationPlatforms) = postSolution
		{6C5BD1A2-DA21-FD00-8F7D-1E25882682AD}.Debug|Any CPU.ActiveCfg = Debug|Any CPU
		{6C5BD1A2-DA21-FD00-8F7D-1E25882682AD}.Debug|Any CPU.Build.0 = Debug|Any CPU
		{6C5BD1A2-DA21-FD00-8F7D-1E25882682AD}.Release|Any CPU.ActiveCfg = Release|Any CPU
		{6C5BD1A2-DA21-FD00-8F7D-1E25882682AD}.Release|Any CPU.Build.0 = Release|Any CPU
	EndGlobalSection
	GlobalSection(SolutionProperties) = preSolution
		HideSolutionNode = FALSE
	EndGlobalSection
	GlobalSection(ExtensibilityGlobals) = postSolution
		SolutionGuid = {49A3A321-5C98-4BEE-A9BF-D624F0E8274D}
	EndGlobalSection
EndGlobal
