Microsoft Visual Studio Solution File, Format Version 12.00
# Visual Studio Version 17
VisualStudioVersion = 17.5.2.0
MinimumVisualStudioVersion = 10.0.40219.1
Project("{FAE04EC0-301F-11D3-BF4B-00C04F79EFBC}") = "dev02", "dev02.csproj", "{77B3209E-7EE8-B9CB-FCC9-5BBD8D3B68A4}"
EndProject
Global
	GlobalSection(SolutionConfigurationPlatforms) = preSolution
		Debug|Any CPU = Debug|Any CPU
		Release|Any CPU = Release|Any CPU
	EndGlobalSection
	GlobalSection(ProjectConfigurationPlatforms) = postSolution
		{77B3209E-7EE8-B9CB-FCC9-5BBD8D3B68A4}.Debug|Any CPU.ActiveCfg = Debug|Any CPU
		{77B3209E-7EE8-B9CB-FCC9-5BBD8D3B68A4}.Debug|Any CPU.Build.0 = Debug|Any CPU
		{77B3209E-7EE8-B9CB-FCC9-5BBD8D3B68A4}.Release|Any CPU.ActiveCfg = Release|Any CPU
		{77B3209E-7EE8-B9CB-FCC9-5BBD8D3B68A4}.Release|Any CPU.Build.0 = Release|Any CPU
	EndGlobalSection
	GlobalSection(SolutionProperties) = preSolution
		HideSolutionNode = FALSE
	EndGlobalSection
	GlobalSection(ExtensibilityGlobals) = postSolution
		SolutionGuid = {A8C60A1F-649A-40CB-A264-8223B8A86881}
	EndGlobalSection
EndGlobal
